
Microsoft Visual Studio Solution File, Format Version 12.00
# Visual Studio Version 17
VisualStudioVersion = 17.0.31903.59
MinimumVisualStudioVersion = 10.0.40219.1
Project("{2150E333-8FDC-42A3-9474-1A3956D46DE8}") = "src", "src", "{827E0CD3-B72D-47B6-A68D-7590B98EB39B}"
EndProject
Project("{2150E333-8FDC-42A3-9474-1A3956D46DE8}") = "Core", "Core", "{8D626EA8-CB54-BC41-363A-217881BEBA6E}"
EndProject
Project("{FAE04EC0-301F-11D3-BF4B-00C04F79EFBC}") = "HouseLedger.Core.Domain", "src\Core\HouseLedger.Core.Domain\HouseLedger.Core.Domain.csproj", "{9D9179CE-676E-496C-B7E5-88C6F6CE1054}"
EndProject
Project("{2150E333-8FDC-42A3-9474-1A3956D46DE8}") = "Services", "Services", "{984BB9B3-3FA3-BE33-9484-CAC21695A33C}"
EndProject
Project("{2150E333-8FDC-42A3-9474-1A3956D46DE8}") = "HouseLedger.Services.Finance", "HouseLedger.Services.Finance", "{13BC6592-9FCD-88A4-2AA8-10F8652A5915}"
EndProject
Project("{FAE04EC0-301F-11D3-BF4B-00C04F79EFBC}") = "HouseLedger.Services.Finance.Domain", "src\Services\HouseLedger.Services.Finance\HouseLedger.Services.Finance.Domain\HouseLedger.Services.Finance.Domain.csproj", "{9C00A1BF-F05C-47F8-93F6-115329E98C32}"
EndProject
Project("{FAE04EC0-301F-11D3-BF4B-00C04F79EFBC}") = "HouseLedger.Services.Finance.Infrastructure", "src\Services\HouseLedger.Services.Finance\HouseLedger.Services.Finance.Infrastructure\HouseLedger.Services.Finance.Infrastructure.csproj", "{258B0B14-BD88-48CF-BF14-0774FC21DD37}"
EndProject
Project("{2150E333-8FDC-42A3-9474-1A3956D46DE8}") = "BuildingBlocks", "BuildingBlocks", "{90298CBA-BD6F-3A0A-69D5-97CAD7B05E7E}"
EndProject
Project("{FAE04EC0-301F-11D3-BF4B-00C04F79EFBC}") = "HouseLedger.BuildingBlocks.Logging", "src\BuildingBlocks\HouseLedger.BuildingBlocks.Logging\HouseLedger.BuildingBlocks.Logging.csproj", "{C9DAF601-037D-4EC1-98FD-3A1881278FEE}"
EndProject
Project("{FAE04EC0-301F-11D3-BF4B-00C04F79EFBC}") = "HouseLedger.Services.Finance.Application", "src\Services\HouseLedger.Services.Finance\HouseLedger.Services.Finance.Application\HouseLedger.Services.Finance.Application.csproj", "{C14F170B-EDE5-4939-AF61-F7EC00EEEDB9}"
EndProject
Project("{2150E333-8FDC-42A3-9474-1A3956D46DE8}") = "Api", "Api", "{81034408-37C8-1011-444E-4C15C2FADA8E}"
EndProject
Project("{FAE04EC0-301F-11D3-BF4B-00C04F79EFBC}") = "HouseLedger.Api", "src\Api\HouseLedger.Api\HouseLedger.Api.csproj", "{BDCA7B26-4566-4A79-93D6-A3F4EB963491}"
EndProject
Project("{2150E333-8FDC-42A3-9474-1A3956D46DE8}") = "HouseLedger.Services.Ancillary", "HouseLedger.Services.Ancillary", "{319DA6A7-C3FE-B6FD-6C06-019BD79F20A3}"
EndProject
Project("{FAE04EC0-301F-11D3-BF4B-00C04F79EFBC}") = "HouseLedger.Services.Ancillary.Application", "src\Services\HouseLedger.Services.Ancillary\HouseLedger.Services.Ancillary.Application\HouseLedger.Services.Ancillary.Application.csproj", "{3D6D87C3-1CFF-4C86-897D-DDA82901CD33}"
EndProject
Project("{FAE04EC0-301F-11D3-BF4B-00C04F79EFBC}") = "HouseLedger.Services.Ancillary.Domain", "src\Services\HouseLedger.Services.Ancillary\HouseLedger.Services.Ancillary.Domain\HouseLedger.Services.Ancillary.Domain.csproj", "{1897A618-AB06-454D-B33F-C6BF1F75EBC2}"
EndProject
Project("{FAE04EC0-301F-11D3-BF4B-00C04F79EFBC}") = "HouseLedger.Services.Ancillary.Infrastructure", "src\Services\HouseLedger.Services.Ancillary\HouseLedger.Services.Ancillary.Infrastructure\HouseLedger.Services.Ancillary.Infrastructure.csproj", "{7DCF5239-76E7-466C-9E40-DBF70D98B7C6}"
EndProject
Project("{FAE04EC0-301F-11D3-BF4B-00C04F79EFBC}") = "HouseLedger.BuildingBlocks.BackgroundJobs", "src\BuildingBlocks\HouseLedger.BuildingBlocks.BackgroundJobs\HouseLedger.BuildingBlocks.BackgroundJobs.csproj", "{DF2E8B8A-9629-43BE-8DA3-109D7D8E5DDD}"
EndProject
Project("{FAE04EC0-301F-11D3-BF4B-00C04F79EFBC}") = "HouseLedger.BuildingBlocks.Authentication", "src\BuildingBlocks\HouseLedger.BuildingBlocks.Authentication\HouseLedger.BuildingBlocks.Authentication.csproj", "{95D3CD0B-7106-450A-B471-A5E12873D615}"
EndProject
Project("{2150E333-8FDC-42A3-9474-1A3956D46DE8}") = "tests", "tests", "{0AB3BF05-4346-4AA6-1389-037BE0695223}"
EndProject
Project("{FAE04EC0-301F-11D3-BF4B-00C04F79EFBC}") = "HouseLedger.Services.Ancillary.UnitTests", "tests\HouseLedger.Services.Ancillary.UnitTests\HouseLedger.Services.Ancillary.UnitTests.csproj", "{F2F4D220-34AF-40D4-B857-80473AAC7D9E}"
EndProject
Project("{FAE04EC0-301F-11D3-BF4B-00C04F79EFBC}") = "HouseLedger.Services.Ancillary.IntegrationTests", "tests\HouseLedger.Services.Ancillary.IntegrationTests\HouseLedger.Services.Ancillary.IntegrationTests.csproj", "{C1FF2D8E-DBCD-4ED1-84DB-5E584319B36C}"
EndProject
Project("{2150E333-8FDC-42A3-9474-1A3956D46DE8}") = "HouseLedger.Services.Salary", "HouseLedger.Services.Salary", "{7B3DA19E-1F35-8B66-A5AF-3D2CB7C6E154}"
EndProject
Project("{FAE04EC0-301F-11D3-BF4B-00C04F79EFBC}") = "HouseLedger.Services.Salary.Domain", "src\Services\HouseLedger.Services.Salary\HouseLedger.Services.Salary.Domain\HouseLedger.Services.Salary.Domain.csproj", "{49D2B77C-A84A-4EE6-AC6E-590E8AED7E9B}"
EndProject
Project("{FAE04EC0-301F-11D3-BF4B-00C04F79EFBC}") = "HouseLedger.Services.Salary.Application", "src\Services\HouseLedger.Services.Salary\HouseLedger.Services.Salary.Application\HouseLedger.Services.Salary.Application.csproj", "{1216394B-EC1A-4978-9251-EE7C3CC11946}"
EndProject
Project("{FAE04EC0-301F-11D3-BF4B-00C04F79EFBC}") = "HouseLedger.Services.Salary.Infrastructure", "src\Services\HouseLedger.Services.Salary\HouseLedger.Services.Salary.Infrastructure\HouseLedger.Services.Salary.Infrastructure.csproj", "{018758D6-34B2-4491-A6D6-F425D302219E}"
EndProject
Project("{FAE04EC0-301F-11D3-BF4B-00C04F79EFBC}") = "HouseLedger.Services.Salary.UnitTests", "tests\HouseLedger.Services.Salary.UnitTests\HouseLedger.Services.Salary.UnitTests.csproj", "{3F341349-010E-4AA7-9B30-F62B10BF8B80}"
EndProject
Project("{FAE04EC0-301F-11D3-BF4B-00C04F79EFBC}") = "HouseLedger.Services.Salary.IntegrationTests", "tests\HouseLedger.Services.Salary.IntegrationTests\HouseLedger.Services.Salary.IntegrationTests.csproj", "{9E65590B-1660-42CF-A2D0-C9104B36E197}"
EndProject
Project("{FAE04EC0-301F-11D3-BF4B-00C04F79EFBC}") = "HouseLedger.Services.Finance.UnitTests", "tests\HouseLedger.Services.Finance.UnitTests\HouseLedger.Services.Finance.UnitTests.csproj", "{249FC4D4-7BC4-4E64-9743-754C7602795E}"
EndProject
Project("{2150E333-8FDC-42A3-9474-1A3956D46DE8}") = "HouseLedger.Services.HouseThings", "HouseLedger.Services.HouseThings", "{24EB4402-DA42-DB99-C1F7-696EA66B7228}"
EndProject
Project("{FAE04EC0-301F-11D3-BF4B-00C04F79EFBC}") = "HouseLedger.Services.HouseThings.Domain", "src\Services\HouseLedger.Services.HouseThings\HouseLedger.Services.HouseThings.Domain\HouseLedger.Services.HouseThings.Domain.csproj", "{C5C1ED79-3683-455A-A2BC-7A76E9FF181C}"
EndProject
Project("{FAE04EC0-301F-11D3-BF4B-00C04F79EFBC}") = "HouseLedger.Services.HouseThings.Application", "src\Services\HouseLedger.Services.HouseThings\HouseLedger.Services.HouseThings.Application\HouseLedger.Services.HouseThings.Application.csproj", "{1FAD640B-64D5-4FF8-A74A-01A1B4EEEB14}"
EndProject
Project("{FAE04EC0-301F-11D3-BF4B-00C04F79EFBC}") = "HouseLedger.Services.HouseThings.Infrastructure", "src\Services\HouseLedger.Services.HouseThings\HouseLedger.Services.HouseThings.Infrastructure\HouseLedger.Services.HouseThings.Infrastructure.csproj", "{2CF05EE9-6047-4376-9E0B-10CB8273FC3D}"
EndProject
Project("{FAE04EC0-301F-11D3-BF4B-00C04F79EFBC}") = "HouseLedger.Services.HouseThings.UnitTests", "tests\HouseLedger.Services.HouseThings.UnitTests\HouseLedger.Services.HouseThings.UnitTests.csproj", "{72492499-40FD-480E-A8C8-99BA33790F19}"
EndProject
Global
	GlobalSection(SolutionConfigurationPlatforms) = preSolution
		Debug|Any CPU = Debug|Any CPU
		Debug|x64 = Debug|x64
		Debug|x86 = Debug|x86
		Release|Any CPU = Release|Any CPU
		Release|x64 = Release|x64
		Release|x86 = Release|x86
	EndGlobalSection
	GlobalSection(ProjectConfigurationPlatforms) = postSolution
		{9D9179CE-676E-496C-B7E5-88C6F6CE1054}.Debug|Any CPU.ActiveCfg = Debug|Any CPU
		{9D9179CE-676E-496C-B7E5-88C6F6CE1054}.Debug|Any CPU.Build.0 = Debug|Any CPU
		{9D9179CE-676E-496C-B7E5-88C6F6CE1054}.Debug|x64.ActiveCfg = Debug|Any CPU
		{9D9179CE-676E-496C-B7E5-88C6F6CE1054}.Debug|x64.Build.0 = Debug|Any CPU
		{9D9179CE-676E-496C-B7E5-88C6F6CE1054}.Debug|x86.ActiveCfg = Debug|Any CPU
		{9D9179CE-676E-496C-B7E5-88C6F6CE1054}.Debug|x86.Build.0 = Debug|Any CPU
		{9D9179CE-676E-496C-B7E5-88C6F6CE1054}.Release|Any CPU.ActiveCfg = Release|Any CPU
		{9D9179CE-676E-496C-B7E5-88C6F6CE1054}.Release|Any CPU.Build.0 = Release|Any CPU
		{9D9179CE-676E-496C-B7E5-88C6F6CE1054}.Release|x64.ActiveCfg = Release|Any CPU
		{9D9179CE-676E-496C-B7E5-88C6F6CE1054}.Release|x64.Build.0 = Release|Any CPU
		{9D9179CE-676E-496C-B7E5-88C6F6CE1054}.Release|x86.ActiveCfg = Release|Any CPU
		{9D9179CE-676E-496C-B7E5-88C6F6CE1054}.Release|x86.Build.0 = Release|Any CPU
		{9C00A1BF-F05C-47F8-93F6-115329E98C32}.Debug|Any CPU.ActiveCfg = Debug|Any CPU
		{9C00A1BF-F05C-47F8-93F6-115329E98C32}.Debug|Any CPU.Build.0 = Debug|Any CPU
		{9C00A1BF-F05C-47F8-93F6-115329E98C32}.Debug|x64.ActiveCfg = Debug|Any CPU
		{9C00A1BF-F05C-47F8-93F6-115329E98C32}.Debug|x64.Build.0 = Debug|Any CPU
		{9C00A1BF-F05C-47F8-93F6-115329E98C32}.Debug|x86.ActiveCfg = Debug|Any CPU
		{9C00A1BF-F05C-47F8-93F6-115329E98C32}.Debug|x86.Build.0 = Debug|Any CPU
		{9C00A1BF-F05C-47F8-93F6-115329E98C32}.Release|Any CPU.ActiveCfg = Release|Any CPU
		{9C00A1BF-F05C-47F8-93F6-115329E98C32}.Release|Any CPU.Build.0 = Release|Any CPU
		{9C00A1BF-F05C-47F8-93F6-115329E98C32}.Release|x64.ActiveCfg = Release|Any CPU
		{9C00A1BF-F05C-47F8-93F6-115329E98C32}.Release|x64.Build.0 = Release|Any CPU
		{9C00A1BF-F05C-47F8-93F6-115329E98C32}.Release|x86.ActiveCfg = Release|Any CPU
		{9C00A1BF-F05C-47F8-93F6-115329E98C32}.Release|x86.Build.0 = Release|Any CPU
		{258B0B14-BD88-48CF-BF14-0774FC21DD37}.Debug|Any CPU.ActiveCfg = Debug|Any CPU
		{258B0B14-BD88-48CF-BF14-0774FC21DD37}.Debug|Any CPU.Build.0 = Debug|Any CPU
		{258B0B14-BD88-48CF-BF14-0774FC21DD37}.Debug|x64.ActiveCfg = Debug|Any CPU
		{258B0B14-BD88-48CF-BF14-0774FC21DD37}.Debug|x64.Build.0 = Debug|Any CPU
		{258B0B14-BD88-48CF-BF14-0774FC21DD37}.Debug|x86.ActiveCfg = Debug|Any CPU
		{258B0B14-BD88-48CF-BF14-0774FC21DD37}.Debug|x86.Build.0 = Debug|Any CPU
		{258B0B14-BD88-48CF-BF14-0774FC21DD37}.Release|Any CPU.ActiveCfg = Release|Any CPU
		{258B0B14-BD88-48CF-BF14-0774FC21DD37}.Release|Any CPU.Build.0 = Release|Any CPU
		{258B0B14-BD88-48CF-BF14-0774FC21DD37}.Release|x64.ActiveCfg = Release|Any CPU
		{258B0B14-BD88-48CF-BF14-0774FC21DD37}.Release|x64.Build.0 = Release|Any CPU
		{258B0B14-BD88-48CF-BF14-0774FC21DD37}.Release|x86.ActiveCfg = Release|Any CPU
		{258B0B14-BD88-48CF-BF14-0774FC21DD37}.Release|x86.Build.0 = Release|Any CPU
		{C9DAF601-037D-4EC1-98FD-3A1881278FEE}.Debug|Any CPU.ActiveCfg = Debug|Any CPU
		{C9DAF601-037D-4EC1-98FD-3A1881278FEE}.Debug|Any CPU.Build.0 = Debug|Any CPU
		{C9DAF601-037D-4EC1-98FD-3A1881278FEE}.Debug|x64.ActiveCfg = Debug|Any CPU
		{C9DAF601-037D-4EC1-98FD-3A1881278FEE}.Debug|x64.Build.0 = Debug|Any CPU
		{C9DAF601-037D-4EC1-98FD-3A1881278FEE}.Debug|x86.ActiveCfg = Debug|Any CPU
		{C9DAF601-037D-4EC1-98FD-3A1881278FEE}.Debug|x86.Build.0 = Debug|Any CPU
		{C9DAF601-037D-4EC1-98FD-3A1881278FEE}.Release|Any CPU.ActiveCfg = Release|Any CPU
		{C9DAF601-037D-4EC1-98FD-3A1881278FEE}.Release|Any CPU.Build.0 = Release|Any CPU
		{C9DAF601-037D-4EC1-98FD-3A1881278FEE}.Release|x64.ActiveCfg = Release|Any CPU
		{C9DAF601-037D-4EC1-98FD-3A1881278FEE}.Release|x64.Build.0 = Release|Any CPU
		{C9DAF601-037D-4EC1-98FD-3A1881278FEE}.Release|x86.ActiveCfg = Release|Any CPU
		{C9DAF601-037D-4EC1-98FD-3A1881278FEE}.Release|x86.Build.0 = Release|Any CPU
		{C14F170B-EDE5-4939-AF61-F7EC00EEEDB9}.Debug|Any CPU.ActiveCfg = Debug|Any CPU
		{C14F170B-EDE5-4939-AF61-F7EC00EEEDB9}.Debug|Any CPU.Build.0 = Debug|Any CPU
		{C14F170B-EDE5-4939-AF61-F7EC00EEEDB9}.Debug|x64.ActiveCfg = Debug|Any CPU
		{C14F170B-EDE5-4939-AF61-F7EC00EEEDB9}.Debug|x64.Build.0 = Debug|Any CPU
		{C14F170B-EDE5-4939-AF61-F7EC00EEEDB9}.Debug|x86.ActiveCfg = Debug|Any CPU
		{C14F170B-EDE5-4939-AF61-F7EC00EEEDB9}.Debug|x86.Build.0 = Debug|Any CPU
		{C14F170B-EDE5-4939-AF61-F7EC00EEEDB9}.Release|Any CPU.ActiveCfg = Release|Any CPU
		{C14F170B-EDE5-4939-AF61-F7EC00EEEDB9}.Release|Any CPU.Build.0 = Release|Any CPU
		{C14F170B-EDE5-4939-AF61-F7EC00EEEDB9}.Release|x64.ActiveCfg = Release|Any CPU
		{C14F170B-EDE5-4939-AF61-F7EC00EEEDB9}.Release|x64.Build.0 = Release|Any CPU
		{C14F170B-EDE5-4939-AF61-F7EC00EEEDB9}.Release|x86.ActiveCfg = Release|Any CPU
		{C14F170B-EDE5-4939-AF61-F7EC00EEEDB9}.Release|x86.Build.0 = Release|Any CPU
		{BDCA7B26-4566-4A79-93D6-A3F4EB963491}.Debug|Any CPU.ActiveCfg = Debug|Any CPU
		{BDCA7B26-4566-4A79-93D6-A3F4EB963491}.Debug|Any CPU.Build.0 = Debug|Any CPU
		{BDCA7B26-4566-4A79-93D6-A3F4EB963491}.Debug|x64.ActiveCfg = Debug|Any CPU
		{BDCA7B26-4566-4A79-93D6-A3F4EB963491}.Debug|x64.Build.0 = Debug|Any CPU
		{BDCA7B26-4566-4A79-93D6-A3F4EB963491}.Debug|x86.ActiveCfg = Debug|Any CPU
		{BDCA7B26-4566-4A79-93D6-A3F4EB963491}.Debug|x86.Build.0 = Debug|Any CPU
		{BDCA7B26-4566-4A79-93D6-A3F4EB963491}.Release|Any CPU.ActiveCfg = Release|Any CPU
		{BDCA7B26-4566-4A79-93D6-A3F4EB963491}.Release|Any CPU.Build.0 = Release|Any CPU
		{BDCA7B26-4566-4A79-93D6-A3F4EB963491}.Release|x64.ActiveCfg = Release|Any CPU
		{BDCA7B26-4566-4A79-93D6-A3F4EB963491}.Release|x64.Build.0 = Release|Any CPU
		{BDCA7B26-4566-4A79-93D6-A3F4EB963491}.Release|x86.ActiveCfg = Release|Any CPU
		{BDCA7B26-4566-4A79-93D6-A3F4EB963491}.Release|x86.Build.0 = Release|Any CPU
		{3D6D87C3-1CFF-4C86-897D-DDA82901CD33}.Debug|Any CPU.ActiveCfg = Debug|Any CPU
		{3D6D87C3-1CFF-4C86-897D-DDA82901CD33}.Debug|Any CPU.Build.0 = Debug|Any CPU
		{3D6D87C3-1CFF-4C86-897D-DDA82901CD33}.Debug|x64.ActiveCfg = Debug|Any CPU
		{3D6D87C3-1CFF-4C86-897D-DDA82901CD33}.Debug|x64.Build.0 = Debug|Any CPU
		{3D6D87C3-1CFF-4C86-897D-DDA82901CD33}.Debug|x86.ActiveCfg = Debug|Any CPU
		{3D6D87C3-1CFF-4C86-897D-DDA82901CD33}.Debug|x86.Build.0 = Debug|Any CPU
		{3D6D87C3-1CFF-4C86-897D-DDA82901CD33}.Release|Any CPU.ActiveCfg = Release|Any CPU
		{3D6D87C3-1CFF-4C86-897D-DDA82901CD33}.Release|Any CPU.Build.0 = Release|Any CPU
		{3D6D87C3-1CFF-4C86-897D-DDA82901CD33}.Release|x64.ActiveCfg = Release|Any CPU
		{3D6D87C3-1CFF-4C86-897D-DDA82901CD33}.Release|x64.Build.0 = Release|Any CPU
		{3D6D87C3-1CFF-4C86-897D-DDA82901CD33}.Release|x86.ActiveCfg = Release|Any CPU
		{3D6D87C3-1CFF-4C86-897D-DDA82901CD33}.Release|x86.Build.0 = Release|Any CPU
		{1897A618-AB06-454D-B33F-C6BF1F75EBC2}.Debug|Any CPU.ActiveCfg = Debug|Any CPU
		{1897A618-AB06-454D-B33F-C6BF1F75EBC2}.Debug|Any CPU.Build.0 = Debug|Any CPU
		{1897A618-AB06-454D-B33F-C6BF1F75EBC2}.Debug|x64.ActiveCfg = Debug|Any CPU
		{1897A618-AB06-454D-B33F-C6BF1F75EBC2}.Debug|x64.Build.0 = Debug|Any CPU
		{1897A618-AB06-454D-B33F-C6BF1F75EBC2}.Debug|x86.ActiveCfg = Debug|Any CPU
		{1897A618-AB06-454D-B33F-C6BF1F75EBC2}.Debug|x86.Build.0 = Debug|Any CPU
		{1897A618-AB06-454D-B33F-C6BF1F75EBC2}.Release|Any CPU.ActiveCfg = Release|Any CPU
		{1897A618-AB06-454D-B33F-C6BF1F75EBC2}.Release|Any CPU.Build.0 = Release|Any CPU
		{1897A618-AB06-454D-B33F-C6BF1F75EBC2}.Release|x64.ActiveCfg = Release|Any CPU
		{1897A618-AB06-454D-B33F-C6BF1F75EBC2}.Release|x64.Build.0 = Release|Any CPU
		{1897A618-AB06-454D-B33F-C6BF1F75EBC2}.Release|x86.ActiveCfg = Release|Any CPU
		{1897A618-AB06-454D-B33F-C6BF1F75EBC2}.Release|x86.Build.0 = Release|Any CPU
		{7DCF5239-76E7-466C-9E40-DBF70D98B7C6}.Debug|Any CPU.ActiveCfg = Debug|Any CPU
		{7DCF5239-76E7-466C-9E40-DBF70D98B7C6}.Debug|Any CPU.Build.0 = Debug|Any CPU
		{7DCF5239-76E7-466C-9E40-DBF70D98B7C6}.Debug|x64.ActiveCfg = Debug|Any CPU
		{7DCF5239-76E7-466C-9E40-DBF70D98B7C6}.Debug|x64.Build.0 = Debug|Any CPU
		{7DCF5239-76E7-466C-9E40-DBF70D98B7C6}.Debug|x86.ActiveCfg = Debug|Any CPU
		{7DCF5239-76E7-466C-9E40-DBF70D98B7C6}.Debug|x86.Build.0 = Debug|Any CPU
		{7DCF5239-76E7-466C-9E40-DBF70D98B7C6}.Release|Any CPU.ActiveCfg = Release|Any CPU
		{7DCF5239-76E7-466C-9E40-DBF70D98B7C6}.Release|Any CPU.Build.0 = Release|Any CPU
		{7DCF5239-76E7-466C-9E40-DBF70D98B7C6}.Release|x64.ActiveCfg = Release|Any CPU
		{7DCF5239-76E7-466C-9E40-DBF70D98B7C6}.Release|x64.Build.0 = Release|Any CPU
		{7DCF5239-76E7-466C-9E40-DBF70D98B7C6}.Release|x86.ActiveCfg = Release|Any CPU
		{7DCF5239-76E7-466C-9E40-DBF70D98B7C6}.Release|x86.Build.0 = Release|Any CPU
		{DF2E8B8A-9629-43BE-8DA3-109D7D8E5DDD}.Debug|Any CPU.ActiveCfg = Debug|Any CPU
		{DF2E8B8A-9629-43BE-8DA3-109D7D8E5DDD}.Debug|Any CPU.Build.0 = Debug|Any CPU
		{DF2E8B8A-9629-43BE-8DA3-109D7D8E5DDD}.Debug|x64.ActiveCfg = Debug|Any CPU
		{DF2E8B8A-9629-43BE-8DA3-109D7D8E5DDD}.Debug|x64.Build.0 = Debug|Any CPU
		{DF2E8B8A-9629-43BE-8DA3-109D7D8E5DDD}.Debug|x86.ActiveCfg = Debug|Any CPU
		{DF2E8B8A-9629-43BE-8DA3-109D7D8E5DDD}.Debug|x86.Build.0 = Debug|Any CPU
		{DF2E8B8A-9629-43BE-8DA3-109D7D8E5DDD}.Release|Any CPU.ActiveCfg = Release|Any CPU
		{DF2E8B8A-9629-43BE-8DA3-109D7D8E5DDD}.Release|Any CPU.Build.0 = Release|Any CPU
		{DF2E8B8A-9629-43BE-8DA3-109D7D8E5DDD}.Release|x64.ActiveCfg = Release|Any CPU
		{DF2E8B8A-9629-43BE-8DA3-109D7D8E5DDD}.Release|x64.Build.0 = Release|Any CPU
		{DF2E8B8A-9629-43BE-8DA3-109D7D8E5DDD}.Release|x86.ActiveCfg = Release|Any CPU
		{DF2E8B8A-9629-43BE-8DA3-109D7D8E5DDD}.Release|x86.Build.0 = Release|Any CPU
		{95D3CD0B-7106-450A-B471-A5E12873D615}.Debug|Any CPU.ActiveCfg = Debug|Any CPU
		{95D3CD0B-7106-450A-B471-A5E12873D615}.Debug|Any CPU.Build.0 = Debug|Any CPU
		{95D3CD0B-7106-450A-B471-A5E12873D615}.Debug|x64.ActiveCfg = Debug|Any CPU
		{95D3CD0B-7106-450A-B471-A5E12873D615}.Debug|x64.Build.0 = Debug|Any CPU
		{95D3CD0B-7106-450A-B471-A5E12873D615}.Debug|x86.ActiveCfg = Debug|Any CPU
		{95D3CD0B-7106-450A-B471-A5E12873D615}.Debug|x86.Build.0 = Debug|Any CPU
		{95D3CD0B-7106-450A-B471-A5E12873D615}.Release|Any CPU.ActiveCfg = Release|Any CPU
		{95D3CD0B-7106-450A-B471-A5E12873D615}.Release|Any CPU.Build.0 = Release|Any CPU
		{95D3CD0B-7106-450A-B471-A5E12873D615}.Release|x64.ActiveCfg = Release|Any CPU
		{95D3CD0B-7106-450A-B471-A5E12873D615}.Release|x64.Build.0 = Release|Any CPU
		{95D3CD0B-7106-450A-B471-A5E12873D615}.Release|x86.ActiveCfg = Release|Any CPU
		{95D3CD0B-7106-450A-B471-A5E12873D615}.Release|x86.Build.0 = Release|Any CPU
		{F2F4D220-34AF-40D4-B857-80473AAC7D9E}.Debug|Any CPU.ActiveCfg = Debug|Any CPU
		{F2F4D220-34AF-40D4-B857-80473AAC7D9E}.Debug|Any CPU.Build.0 = Debug|Any CPU
		{F2F4D220-34AF-40D4-B857-80473AAC7D9E}.Debug|x64.ActiveCfg = Debug|Any CPU
		{F2F4D220-34AF-40D4-B857-80473AAC7D9E}.Debug|x64.Build.0 = Debug|Any CPU
		{F2F4D220-34AF-40D4-B857-80473AAC7D9E}.Debug|x86.ActiveCfg = Debug|Any CPU
		{F2F4D220-34AF-40D4-B857-80473AAC7D9E}.Debug|x86.Build.0 = Debug|Any CPU
		{F2F4D220-34AF-40D4-B857-80473AAC7D9E}.Release|Any CPU.ActiveCfg = Release|Any CPU
		{F2F4D220-34AF-40D4-B857-80473AAC7D9E}.Release|Any CPU.Build.0 = Release|Any CPU
		{F2F4D220-34AF-40D4-B857-80473AAC7D9E}.Release|x64.ActiveCfg = Release|Any CPU
		{F2F4D220-34AF-40D4-B857-80473AAC7D9E}.Release|x64.Build.0 = Release|Any CPU
		{F2F4D220-34AF-40D4-B857-80473AAC7D9E}.Release|x86.ActiveCfg = Release|Any CPU
		{F2F4D220-34AF-40D4-B857-80473AAC7D9E}.Release|x86.Build.0 = Release|Any CPU
		{C1FF2D8E-DBCD-4ED1-84DB-5E584319B36C}.Debug|Any CPU.ActiveCfg = Debug|Any CPU
		{C1FF2D8E-DBCD-4ED1-84DB-5E584319B36C}.Debug|Any CPU.Build.0 = Debug|Any CPU
		{C1FF2D8E-DBCD-4ED1-84DB-5E584319B36C}.Debug|x64.ActiveCfg = Debug|Any CPU
		{C1FF2D8E-DBCD-4ED1-84DB-5E584319B36C}.Debug|x64.Build.0 = Debug|Any CPU
		{C1FF2D8E-DBCD-4ED1-84DB-5E584319B36C}.Debug|x86.ActiveCfg = Debug|Any CPU
		{C1FF2D8E-DBCD-4ED1-84DB-5E584319B36C}.Debug|x86.Build.0 = Debug|Any CPU
		{C1FF2D8E-DBCD-4ED1-84DB-5E584319B36C}.Release|Any CPU.ActiveCfg = Release|Any CPU
		{C1FF2D8E-DBCD-4ED1-84DB-5E584319B36C}.Release|Any CPU.Build.0 = Release|Any CPU
		{C1FF2D8E-DBCD-4ED1-84DB-5E584319B36C}.Release|x64.ActiveCfg = Release|Any CPU
		{C1FF2D8E-DBCD-4ED1-84DB-5E584319B36C}.Release|x64.Build.0 = Release|Any CPU
		{C1FF2D8E-DBCD-4ED1-84DB-5E584319B36C}.Release|x86.ActiveCfg = Release|Any CPU
		{C1FF2D8E-DBCD-4ED1-84DB-5E584319B36C}.Release|x86.Build.0 = Release|Any CPU
		{49D2B77C-A84A-4EE6-AC6E-590E8AED7E9B}.Debug|Any CPU.ActiveCfg = Debug|Any CPU
		{49D2B77C-A84A-4EE6-AC6E-590E8AED7E9B}.Debug|Any CPU.Build.0 = Debug|Any CPU
		{49D2B77C-A84A-4EE6-AC6E-590E8AED7E9B}.Debug|x64.ActiveCfg = Debug|Any CPU
		{49D2B77C-A84A-4EE6-AC6E-590E8AED7E9B}.Debug|x64.Build.0 = Debug|Any CPU
		{49D2B77C-A84A-4EE6-AC6E-590E8AED7E9B}.Debug|x86.ActiveCfg = Debug|Any CPU
		{49D2B77C-A84A-4EE6-AC6E-590E8AED7E9B}.Debug|x86.Build.0 = Debug|Any CPU
		{49D2B77C-A84A-4EE6-AC6E-590E8AED7E9B}.Release|Any CPU.ActiveCfg = Release|Any CPU
		{49D2B77C-A84A-4EE6-AC6E-590E8AED7E9B}.Release|Any CPU.Build.0 = Release|Any CPU
		{49D2B77C-A84A-4EE6-AC6E-590E8AED7E9B}.Release|x64.ActiveCfg = Release|Any CPU
		{49D2B77C-A84A-4EE6-AC6E-590E8AED7E9B}.Release|x64.Build.0 = Release|Any CPU
		{49D2B77C-A84A-4EE6-AC6E-590E8AED7E9B}.Release|x86.ActiveCfg = Release|Any CPU
		{49D2B77C-A84A-4EE6-AC6E-590E8AED7E9B}.Release|x86.Build.0 = Release|Any CPU
		{1216394B-EC1A-4978-9251-EE7C3CC11946}.Debug|Any CPU.ActiveCfg = Debug|Any CPU
		{1216394B-EC1A-4978-9251-EE7C3CC11946}.Debug|Any CPU.Build.0 = Debug|Any CPU
		{1216394B-EC1A-4978-9251-EE7C3CC11946}.Debug|x64.ActiveCfg = Debug|Any CPU
		{1216394B-EC1A-4978-9251-EE7C3CC11946}.Debug|x64.Build.0 = Debug|Any CPU
		{1216394B-EC1A-4978-9251-EE7C3CC11946}.Debug|x86.ActiveCfg = Debug|Any CPU
		{1216394B-EC1A-4978-9251-EE7C3CC11946}.Debug|x86.Build.0 = Debug|Any CPU
		{1216394B-EC1A-4978-9251-EE7C3CC11946}.Release|Any CPU.ActiveCfg = Release|Any CPU
		{1216394B-EC1A-4978-9251-EE7C3CC11946}.Release|Any CPU.Build.0 = Release|Any CPU
		{1216394B-EC1A-4978-9251-EE7C3CC11946}.Release|x64.ActiveCfg = Release|Any CPU
		{1216394B-EC1A-4978-9251-EE7C3CC11946}.Release|x64.Build.0 = Release|Any CPU
		{1216394B-EC1A-4978-9251-EE7C3CC11946}.Release|x86.ActiveCfg = Release|Any CPU
		{1216394B-EC1A-4978-9251-EE7C3CC11946}.Release|x86.Build.0 = Release|Any CPU
		{018758D6-34B2-4491-A6D6-F425D302219E}.Debug|Any CPU.ActiveCfg = Debug|Any CPU
		{018758D6-34B2-4491-A6D6-F425D302219E}.Debug|Any CPU.Build.0 = Debug|Any CPU
		{018758D6-34B2-4491-A6D6-F425D302219E}.Debug|x64.ActiveCfg = Debug|Any CPU
		{018758D6-34B2-4491-A6D6-F425D302219E}.Debug|x64.Build.0 = Debug|Any CPU
		{018758D6-34B2-4491-A6D6-F425D302219E}.Debug|x86.ActiveCfg = Debug|Any CPU
		{018758D6-34B2-4491-A6D6-F425D302219E}.Debug|x86.Build.0 = Debug|Any CPU
		{018758D6-34B2-4491-A6D6-F425D302219E}.Release|Any CPU.ActiveCfg = Release|Any CPU
		{018758D6-34B2-4491-A6D6-F425D302219E}.Release|Any CPU.Build.0 = Release|Any CPU
		{018758D6-34B2-4491-A6D6-F425D302219E}.Release|x64.ActiveCfg = Release|Any CPU
		{018758D6-34B2-4491-A6D6-F425D302219E}.Release|x64.Build.0 = Release|Any CPU
		{018758D6-34B2-4491-A6D6-F425D302219E}.Release|x86.ActiveCfg = Release|Any CPU
		{018758D6-34B2-4491-A6D6-F425D302219E}.Release|x86.Build.0 = Release|Any CPU
		{3F341349-010E-4AA7-9B30-F62B10BF8B80}.Debug|Any CPU.ActiveCfg = Debug|Any CPU
		{3F341349-010E-4AA7-9B30-F62B10BF8B80}.Debug|Any CPU.Build.0 = Debug|Any CPU
		{3F341349-010E-4AA7-9B30-F62B10BF8B80}.Debug|x64.ActiveCfg = Debug|Any CPU
		{3F341349-010E-4AA7-9B30-F62B10BF8B80}.Debug|x64.Build.0 = Debug|Any CPU
		{3F341349-010E-4AA7-9B30-F62B10BF8B80}.Debug|x86.ActiveCfg = Debug|Any CPU
		{3F341349-010E-4AA7-9B30-F62B10BF8B80}.Debug|x86.Build.0 = Debug|Any CPU
		{3F341349-010E-4AA7-9B30-F62B10BF8B80}.Release|Any CPU.ActiveCfg = Release|Any CPU
		{3F341349-010E-4AA7-9B30-F62B10BF8B80}.Release|Any CPU.Build.0 = Release|Any CPU
		{3F341349-010E-4AA7-9B30-F62B10BF8B80}.Release|x64.ActiveCfg = Release|Any CPU
		{3F341349-010E-4AA7-9B30-F62B10BF8B80}.Release|x64.Build.0 = Release|Any CPU
		{3F341349-010E-4AA7-9B30-F62B10BF8B80}.Release|x86.ActiveCfg = Release|Any CPU
		{3F341349-010E-4AA7-9B30-F62B10BF8B80}.Release|x86.Build.0 = Release|Any CPU
		{9E65590B-1660-42CF-A2D0-C9104B36E197}.Debug|Any CPU.ActiveCfg = Debug|Any CPU
		{9E65590B-1660-42CF-A2D0-C9104B36E197}.Debug|Any CPU.Build.0 = Debug|Any CPU
		{9E65590B-1660-42CF-A2D0-C9104B36E197}.Debug|x64.ActiveCfg = Debug|Any CPU
		{9E65590B-1660-42CF-A2D0-C9104B36E197}.Debug|x64.Build.0 = Debug|Any CPU
		{9E65590B-1660-42CF-A2D0-C9104B36E197}.Debug|x86.ActiveCfg = Debug|Any CPU
		{9E65590B-1660-42CF-A2D0-C9104B36E197}.Debug|x86.Build.0 = Debug|Any CPU
		{9E65590B-1660-42CF-A2D0-C9104B36E197}.Release|Any CPU.ActiveCfg = Release|Any CPU
		{9E65590B-1660-42CF-A2D0-C9104B36E197}.Release|Any CPU.Build.0 = Release|Any CPU
		{9E65590B-1660-42CF-A2D0-C9104B36E197}.Release|x64.ActiveCfg = Release|Any CPU
		{9E65590B-1660-42CF-A2D0-C9104B36E197}.Release|x64.Build.0 = Release|Any CPU
		{9E65590B-1660-42CF-A2D0-C9104B36E197}.Release|x86.ActiveCfg = Release|Any CPU
		{9E65590B-1660-42CF-A2D0-C9104B36E197}.Release|x86.Build.0 = Release|Any CPU
		{249FC4D4-7BC4-4E64-9743-754C7602795E}.Debug|Any CPU.ActiveCfg = Debug|Any CPU
		{249FC4D4-7BC4-4E64-9743-754C7602795E}.Debug|Any CPU.Build.0 = Debug|Any CPU
		{249FC4D4-7BC4-4E64-9743-754C7602795E}.Debug|x64.ActiveCfg = Debug|Any CPU
		{249FC4D4-7BC4-4E64-9743-754C7602795E}.Debug|x64.Build.0 = Debug|Any CPU
		{249FC4D4-7BC4-4E64-9743-754C7602795E}.Debug|x86.ActiveCfg = Debug|Any CPU
		{249FC4D4-7BC4-4E64-9743-754C7602795E}.Debug|x86.Build.0 = Debug|Any CPU
		{249FC4D4-7BC4-4E64-9743-754C7602795E}.Release|Any CPU.ActiveCfg = Release|Any CPU
		{249FC4D4-7BC4-4E64-9743-754C7602795E}.Release|Any CPU.Build.0 = Release|Any CPU
		{249FC4D4-7BC4-4E64-9743-754C7602795E}.Release|x64.ActiveCfg = Release|Any CPU
		{249FC4D4-7BC4-4E64-9743-754C7602795E}.Release|x64.Build.0 = Release|Any CPU
		{249FC4D4-7BC4-4E64-9743-754C7602795E}.Release|x86.ActiveCfg = Release|Any CPU
		{249FC4D4-7BC4-4E64-9743-754C7602795E}.Release|x86.Build.0 = Release|Any CPU
		{C5C1ED79-3683-455A-A2BC-7A76E9FF181C}.Debug|Any CPU.ActiveCfg = Debug|Any CPU
		{C5C1ED79-3683-455A-A2BC-7A76E9FF181C}.Debug|Any CPU.Build.0 = Debug|Any CPU
		{C5C1ED79-3683-455A-A2BC-7A76E9FF181C}.Debug|x64.ActiveCfg = Debug|Any CPU
		{C5C1ED79-3683-455A-A2BC-7A76E9FF181C}.Debug|x64.Build.0 = Debug|Any CPU
		{C5C1ED79-3683-455A-A2BC-7A76E9FF181C}.Debug|x86.ActiveCfg = Debug|Any CPU
		{C5C1ED79-3683-455A-A2BC-7A76E9FF181C}.Debug|x86.Build.0 = Debug|Any CPU
		{C5C1ED79-3683-455A-A2BC-7A76E9FF181C}.Release|Any CPU.ActiveCfg = Release|Any CPU
		{C5C1ED79-3683-455A-A2BC-7A76E9FF181C}.Release|Any CPU.Build.0 = Release|Any CPU
		{C5C1ED79-3683-455A-A2BC-7A76E9FF181C}.Release|x64.ActiveCfg = Release|Any CPU
		{C5C1ED79-3683-455A-A2BC-7A76E9FF181C}.Release|x64.Build.0 = Release|Any CPU
		{C5C1ED79-3683-455A-A2BC-7A76E9FF181C}.Release|x86.ActiveCfg = Release|Any CPU
		{C5C1ED79-3683-455A-A2BC-7A76E9FF181C}.Release|x86.Build.0 = Release|Any CPU
		{1FAD640B-64D5-4FF8-A74A-01A1B4EEEB14}.Debug|Any CPU.ActiveCfg = Debug|Any CPU
		{1FAD640B-64D5-4FF8-A74A-01A1B4EEEB14}.Debug|Any CPU.Build.0 = Debug|Any CPU
		{1FAD640B-64D5-4FF8-A74A-01A1B4EEEB14}.Debug|x64.ActiveCfg = Debug|Any CPU
		{1FAD640B-64D5-4FF8-A74A-01A1B4EEEB14}.Debug|x64.Build.0 = Debug|Any CPU
		{1FAD640B-64D5-4FF8-A74A-01A1B4EEEB14}.Debug|x86.ActiveCfg = Debug|Any CPU
		{1FAD640B-64D5-4FF8-A74A-01A1B4EEEB14}.Debug|x86.Build.0 = Debug|Any CPU
		{1FAD640B-64D5-4FF8-A74A-01A1B4EEEB14}.Release|Any CPU.ActiveCfg = Release|Any CPU
		{1FAD640B-64D5-4FF8-A74A-01A1B4EEEB14}.Release|Any CPU.Build.0 = Release|Any CPU
		{1FAD640B-64D5-4FF8-A74A-01A1B4EEEB14}.Release|x64.ActiveCfg = Release|Any CPU
		{1FAD640B-64D5-4FF8-A74A-01A1B4EEEB14}.Release|x64.Build.0 = Release|Any CPU
		{1FAD640B-64D5-4FF8-A74A-01A1B4EEEB14}.Release|x86.ActiveCfg = Release|Any CPU
		{1FAD640B-64D5-4FF8-A74A-01A1B4EEEB14}.Release|x86.Build.0 = Release|Any CPU
		{2CF05EE9-6047-4376-9E0B-10CB8273FC3D}.Debug|Any CPU.ActiveCfg = Debug|Any CPU
		{2CF05EE9-6047-4376-9E0B-10CB8273FC3D}.Debug|Any CPU.Build.0 = Debug|Any CPU
		{2CF05EE9-6047-4376-9E0B-10CB8273FC3D}.Debug|x64.ActiveCfg = Debug|Any CPU
		{2CF05EE9-6047-4376-9E0B-10CB8273FC3D}.Debug|x64.Build.0 = Debug|Any CPU
		{2CF05EE9-6047-4376-9E0B-10CB8273FC3D}.Debug|x86.ActiveCfg = Debug|Any CPU
		{2CF05EE9-6047-4376-9E0B-10CB8273FC3D}.Debug|x86.Build.0 = Debug|Any CPU
		{2CF05EE9-6047-4376-9E0B-10CB8273FC3D}.Release|Any CPU.ActiveCfg = Release|Any CPU
		{2CF05EE9-6047-4376-9E0B-10CB8273FC3D}.Release|Any CPU.Build.0 = Release|Any CPU
		{2CF05EE9-6047-4376-9E0B-10CB8273FC3D}.Release|x64.ActiveCfg = Release|Any CPU
		{2CF05EE9-6047-4376-9E0B-10CB8273FC3D}.Release|x64.Build.0 = Release|Any CPU
		{2CF05EE9-6047-4376-9E0B-10CB8273FC3D}.Release|x86.ActiveCfg = Release|Any CPU
		{2CF05EE9-6047-4376-9E0B-10CB8273FC3D}.Release|x86.Build.0 = Release|Any CPU
		{72492499-40FD-480E-A8C8-99BA33790F19}.Debug|Any CPU.ActiveCfg = Debug|Any CPU
		{72492499-40FD-480E-A8C8-99BA33790F19}.Debug|Any CPU.Build.0 = Debug|Any CPU
		{72492499-40FD-480E-A8C8-99BA33790F19}.Debug|x64.ActiveCfg = Debug|Any CPU
		{72492499-40FD-480E-A8C8-99BA33790F19}.Debug|x64.Build.0 = Debug|Any CPU
		{72492499-40FD-480E-A8C8-99BA33790F19}.Debug|x86.ActiveCfg = Debug|Any CPU
		{72492499-40FD-480E-A8C8-99BA33790F19}.Debug|x86.Build.0 = Debug|Any CPU
		{72492499-40FD-480E-A8C8-99BA33790F19}.Release|Any CPU.ActiveCfg = Release|Any CPU
		{72492499-40FD-480E-A8C8-99BA33790F19}.Release|Any CPU.Build.0 = Release|Any CPU
		{72492499-40FD-480E-A8C8-99BA33790F19}.Release|x64.ActiveCfg = Release|Any CPU
		{72492499-40FD-480E-A8C8-99BA33790F19}.Release|x64.Build.0 = Release|Any CPU
		{72492499-40FD-480E-A8C8-99BA33790F19}.Release|x86.ActiveCfg = Release|Any CPU
		{72492499-40FD-480E-A8C8-99BA33790F19}.Release|x86.Build.0 = Release|Any CPU
	EndGlobalSection
	GlobalSection(SolutionProperties) = preSolution
		HideSolutionNode = FALSE
	EndGlobalSection
	GlobalSection(NestedProjects) = preSolution
		{8D626EA8-CB54-BC41-363A-217881BEBA6E} = {827E0CD3-B72D-47B6-A68D-7590B98EB39B}
		{9D9179CE-676E-496C-B7E5-88C6F6CE1054} = {8D626EA8-CB54-BC41-363A-217881BEBA6E}
		{984BB9B3-3FA3-BE33-9484-CAC21695A33C} = {827E0CD3-B72D-47B6-A68D-7590B98EB39B}
		{13BC6592-9FCD-88A4-2AA8-10F8652A5915} = {984BB9B3-3FA3-BE33-9484-CAC21695A33C}
		{9C00A1BF-F05C-47F8-93F6-115329E98C32} = {13BC6592-9FCD-88A4-2AA8-10F8652A5915}
		{258B0B14-BD88-48CF-BF14-0774FC21DD37} = {13BC6592-9FCD-88A4-2AA8-10F8652A5915}
		{90298CBA-BD6F-3A0A-69D5-97CAD7B05E7E} = {827E0CD3-B72D-47B6-A68D-7590B98EB39B}
		{C9DAF601-037D-4EC1-98FD-3A1881278FEE} = {90298CBA-BD6F-3A0A-69D5-97CAD7B05E7E}
		{C14F170B-EDE5-4939-AF61-F7EC00EEEDB9} = {13BC6592-9FCD-88A4-2AA8-10F8652A5915}
		{81034408-37C8-1011-444E-4C15C2FADA8E} = {827E0CD3-B72D-47B6-A68D-7590B98EB39B}
		{BDCA7B26-4566-4A79-93D6-A3F4EB963491} = {81034408-37C8-1011-444E-4C15C2FADA8E}
		{319DA6A7-C3FE-B6FD-6C06-019BD79F20A3} = {984BB9B3-3FA3-BE33-9484-CAC21695A33C}
		{3D6D87C3-1CFF-4C86-897D-DDA82901CD33} = {319DA6A7-C3FE-B6FD-6C06-019BD79F20A3}
		{1897A618-AB06-454D-B33F-C6BF1F75EBC2} = {319DA6A7-C3FE-B6FD-6C06-019BD79F20A3}
		{7DCF5239-76E7-466C-9E40-DBF70D98B7C6} = {319DA6A7-C3FE-B6FD-6C06-019BD79F20A3}
		{DF2E8B8A-9629-43BE-8DA3-109D7D8E5DDD} = {90298CBA-BD6F-3A0A-69D5-97CAD7B05E7E}
		{95D3CD0B-7106-450A-B471-A5E12873D615} = {90298CBA-BD6F-3A0A-69D5-97CAD7B05E7E}
		{F2F4D220-34AF-40D4-B857-80473AAC7D9E} = {0AB3BF05-4346-4AA6-1389-037BE0695223}
		{C1FF2D8E-DBCD-4ED1-84DB-5E584319B36C} = {0AB3BF05-4346-4AA6-1389-037BE0695223}
		{7B3DA19E-1F35-8B66-A5AF-3D2CB7C6E154} = {984BB9B3-3FA3-BE33-9484-CAC21695A33C}
		{49D2B77C-A84A-4EE6-AC6E-590E8AED7E9B} = {7B3DA19E-1F35-8B66-A5AF-3D2CB7C6E154}
		{1216394B-EC1A-4978-9251-EE7C3CC11946} = {7B3DA19E-1F35-8B66-A5AF-3D2CB7C6E154}
		{018758D6-34B2-4491-A6D6-F425D302219E} = {7B3DA19E-1F35-8B66-A5AF-3D2CB7C6E154}
		{3F341349-010E-4AA7-9B30-F62B10BF8B80} = {0AB3BF05-4346-4AA6-1389-037BE0695223}
		{9E65590B-1660-42CF-A2D0-C9104B36E197} = {0AB3BF05-4346-4AA6-1389-037BE0695223}
		{249FC4D4-7BC4-4E64-9743-754C7602795E} = {0AB3BF05-4346-4AA6-1389-037BE0695223}
		{24EB4402-DA42-DB99-C1F7-696EA66B7228} = {984BB9B3-3FA3-BE33-9484-CAC21695A33C}
		{C5C1ED79-3683-455A-A2BC-7A76E9FF181C} = {24EB4402-DA42-DB99-C1F7-696EA66B7228}
		{1FAD640B-64D5-4FF8-A74A-01A1B4EEEB14} = {24EB4402-DA42-DB99-C1F7-696EA66B7228}
		{2CF05EE9-6047-4376-9E0B-10CB8273FC3D} = {24EB4402-DA42-DB99-C1F7-696EA66B7228}
		{72492499-40FD-480E-A8C8-99BA33790F19} = {0AB3BF05-4346-4AA6-1389-037BE0695223}
	EndGlobalSection
EndGlobal
